
Microsoft Visual Studio Solution File, Format Version 12.00
# Visual Studio Version 17
VisualStudioVersion = 17.8.34322.80
MinimumVisualStudioVersion = 10.0.40219.1
Project("{FAE04EC0-301F-11D3-BF4B-00C04F79EFBC}") = "ConsoleApp1", "ConsoleApp1\ConsoleApp1.csproj", "{077FE56B-7982-4131-AA99-694D322DCB64}"
EndProject
Global
	GlobalSection(SolutionConfigurationPlatforms) = preSolution
		Debug|Any CPU = Debug|Any CPU
		Release|Any CPU = Release|Any CPU
	EndGlobalSection
	GlobalSection(ProjectConfigurationPlatforms) = postSolution
		{077FE56B-7982-4131-AA99-694D322DCB64}.Debug|Any CPU.ActiveCfg = Debug|Any CPU
		{077FE56B-7982-4131-AA99-694D322DCB64}.Debug|Any CPU.Build.0 = Debug|Any CPU
		{077FE56B-7982-4131-AA99-694D322DCB64}.Release|Any CPU.ActiveCfg = Release|Any CPU
		{077FE56B-7982-4131-AA99-694D322DCB64}.Release|Any CPU.Build.0 = Release|Any CPU
	EndGlobalSection
	GlobalSection(SolutionProperties) = preSolution
		HideSolutionNode = FALSE
	EndGlobalSection
	GlobalSection(ExtensibilityGlobals) = postSolution
		SolutionGuid = {B358DC29-E351-4966-9B52-65C1C7BF54DE}
	EndGlobalSection
EndGlobal
